
Microsoft Visual Studio Solution File, Format Version 12.00
# Visual Studio 15
VisualStudioVersion = 15.0.28307.779
MinimumVisualStudioVersion = 10.0.40219.1
Project("{FAE04EC0-301F-11D3-BF4B-00C04F79EFBC}") = "graphQLSimpleObjectDemo", "graphQLSimpleObjectDemo\graphQLSimpleObjectDemo.csproj", "{2DA15D70-FEC6-42E6-9E03-9A527494147E}"
EndProject
Global
	GlobalSection(SolutionConfigurationPlatforms) = preSolution
		Debug|Any CPU = Debug|Any CPU
		Release|Any CPU = Release|Any CPU
	EndGlobalSection
	GlobalSection(ProjectConfigurationPlatforms) = postSolution
		{2DA15D70-FEC6-42E6-9E03-9A527494147E}.Debug|Any CPU.ActiveCfg = Debug|Any CPU
		{2DA15D70-FEC6-42E6-9E03-9A527494147E}.Debug|Any CPU.Build.0 = Debug|Any CPU
		{2DA15D70-FEC6-42E6-9E03-9A527494147E}.Release|Any CPU.ActiveCfg = Release|Any CPU
		{2DA15D70-FEC6-42E6-9E03-9A527494147E}.Release|Any CPU.Build.0 = Release|Any CPU
	EndGlobalSection
	GlobalSection(SolutionProperties) = preSolution
		HideSolutionNode = FALSE
	EndGlobalSection
	GlobalSection(ExtensibilityGlobals) = postSolution
		SolutionGuid = {FD15D3B7-6463-43DC-9BD5-BB9196061073}
	EndGlobalSection
EndGlobal
